
Microsoft Visual Studio Solution File, Format Version 12.00
# Visual Studio Version 17
VisualStudioVersion = 17.14.36518.9
MinimumVisualStudioVersion = 10.0.40219.1
Project("{8BC9CEB8-8B4A-11D0-8D11-00A0C91BC942}") = "STL", "STL\STL.vcxproj", "{4D249DC0-298C-4101-9487-84251EF8B066}"
EndProject
Project("{8BC9CEB8-8B4A-11D0-8D11-00A0C91BC942}") = "SequenceContainers", "SequenceContainers\SequenceContainers.vcxproj", "{86AECE62-0C9C-4184-B7B1-8F8838F5A1DA}"
EndProject
Project("{8BC9CEB8-8B4A-11D0-8D11-00A0C91BC942}") = "Factorial", "Factorial\Factorial.vcxproj", "{95913EAE-8E5F-4E28-8D60-E2C19D560CF4}"
EndProject
Global
	GlobalSection(SolutionConfigurationPlatforms) = preSolution
		Debug|x64 = Debug|x64
		Debug|x86 = Debug|x86
		Release|x64 = Release|x64
		Release|x86 = Release|x86
	EndGlobalSection
	GlobalSection(ProjectConfigurationPlatforms) = postSolution
		{4D249DC0-298C-4101-9487-84251EF8B066}.Debug|x64.ActiveCfg = Debug|x64
		{4D249DC0-298C-4101-9487-84251EF8B066}.Debug|x64.Build.0 = Debug|x64
		{4D249DC0-298C-4101-9487-84251EF8B066}.Debug|x86.ActiveCfg = Debug|Win32
		{4D249DC0-298C-4101-9487-84251EF8B066}.Debug|x86.Build.0 = Debug|Win32
		{4D249DC0-298C-4101-9487-84251EF8B066}.Release|x64.ActiveCfg = Release|x64
		{4D249DC0-298C-4101-9487-84251EF8B066}.Release|x64.Build.0 = Release|x64
		{4D249DC0-298C-4101-9487-84251EF8B066}.Release|x86.ActiveCfg = Release|Win32
		{4D249DC0-298C-4101-9487-84251EF8B066}.Release|x86.Build.0 = Release|Win32
		{86AECE62-0C9C-4184-B7B1-8F8838F5A1DA}.Debug|x64.ActiveCfg = Debug|x64
		{86AECE62-0C9C-4184-B7B1-8F8838F5A1DA}.Debug|x64.Build.0 = Debug|x64
		{86AECE62-0C9C-4184-B7B1-8F8838F5A1DA}.Debug|x86.ActiveCfg = Debug|Win32
		{86AECE62-0C9C-4184-B7B1-8F8838F5A1DA}.Debug|x86.Build.0 = Debug|Win32
		{86AECE62-0C9C-4184-B7B1-8F8838F5A1DA}.Release|x64.ActiveCfg = Release|x64
		{86AECE62-0C9C-4184-B7B1-8F8838F5A1DA}.Release|x64.Build.0 = Release|x64
		{86AECE62-0C9C-4184-B7B1-8F8838F5A1DA}.Release|x86.ActiveCfg = Release|Win32
		{86AECE62-0C9C-4184-B7B1-8F8838F5A1DA}.Release|x86.Build.0 = Release|Win32
		{95913EAE-8E5F-4E28-8D60-E2C19D560CF4}.Debug|x64.ActiveCfg = Debug|x64
		{95913EAE-8E5F-4E28-8D60-E2C19D560CF4}.Debug|x64.Build.0 = Debug|x64
		{95913EAE-8E5F-4E28-8D60-E2C19D560CF4}.Debug|x86.ActiveCfg = Debug|Win32
		{95913EAE-8E5F-4E28-8D60-E2C19D560CF4}.Debug|x86.Build.0 = Debug|Win32
		{95913EAE-8E5F-4E28-8D60-E2C19D560CF4}.Release|x64.ActiveCfg = Release|x64
		{95913EAE-8E5F-4E28-8D60-E2C19D560CF4}.Release|x64.Build.0 = Release|x64
		{95913EAE-8E5F-4E28-8D60-E2C19D560CF4}.Release|x86.ActiveCfg = Release|Win32
		{95913EAE-8E5F-4E28-8D60-E2C19D560CF4}.Release|x86.Build.0 = Release|Win32
	EndGlobalSection
	GlobalSection(SolutionProperties) = preSolution
		HideSolutionNode = FALSE
	EndGlobalSection
	GlobalSection(ExtensibilityGlobals) = postSolution
		SolutionGuid = {0A8BC5D3-0A83-47EA-8E9C-029D9FEF365B}
	EndGlobalSection
EndGlobal
